
Microsoft Visual Studio Solution File, Format Version 12.00
# Visual Studio Version 16
VisualStudioVersion = 16.0.31019.35
MinimumVisualStudioVersion = 10.0.40219.1
Project("{FAE04EC0-301F-11D3-BF4B-00C04F79EFBC}") = "ClassePartial", "ClasseParcial\ClassePartial.csproj", "{CC1CE50D-542B-4AF8-8944-AD04967EC622}"
EndProject
Global
	GlobalSection(SolutionConfigurationPlatforms) = preSolution
		Debug|Any CPU = Debug|Any CPU
		Release|Any CPU = Release|Any CPU
	EndGlobalSection
	GlobalSection(ProjectConfigurationPlatforms) = postSolution
		{CC1CE50D-542B-4AF8-8944-AD04967EC622}.Debug|Any CPU.ActiveCfg = Debug|Any CPU
		{CC1CE50D-542B-4AF8-8944-AD04967EC622}.Debug|Any CPU.Build.0 = Debug|Any CPU
		{CC1CE50D-542B-4AF8-8944-AD04967EC622}.Release|Any CPU.ActiveCfg = Release|Any CPU
		{CC1CE50D-542B-4AF8-8944-AD04967EC622}.Release|Any CPU.Build.0 = Release|Any CPU
	EndGlobalSection
	GlobalSection(SolutionProperties) = preSolution
		HideSolutionNode = FALSE
	EndGlobalSection
	GlobalSection(ExtensibilityGlobals) = postSolution
		SolutionGuid = {30FADB54-47CC-4BFE-9A3D-9175DAC46054}
	EndGlobalSection
EndGlobal
